
Microsoft Visual Studio Solution File, Format Version 12.00
# Visual Studio 15
VisualStudioVersion = 15.0.27428.2027
MinimumVisualStudioVersion = 10.0.40219.1
Project("{9A19103F-16F7-4668-BE54-9A1E7A4F7556}") = "swingtrader", "src\app\swingtrader\swingtrader.csproj", "{C805258D-EC3E-4AAE-B71F-DF1F666A88BE}"
EndProject
Project("{9A19103F-16F7-4668-BE54-9A1E7A4F7556}") = "unittests", "src\tests\unittests\unittests.csproj", "{C8FE6250-78C4-4956-8C2D-000C99EFAA6E}"
EndProject
Global
	GlobalSection(SolutionConfigurationPlatforms) = preSolution
		Debug|Any CPU = Debug|Any CPU
		Release|Any CPU = Release|Any CPU
	EndGlobalSection
	GlobalSection(ProjectConfigurationPlatforms) = postSolution
		{C805258D-EC3E-4AAE-B71F-DF1F666A88BE}.Debug|Any CPU.ActiveCfg = Debug|Any CPU
		{C805258D-EC3E-4AAE-B71F-DF1F666A88BE}.Debug|Any CPU.Build.0 = Debug|Any CPU
		{C805258D-EC3E-4AAE-B71F-DF1F666A88BE}.Release|Any CPU.ActiveCfg = Release|Any CPU
		{C805258D-EC3E-4AAE-B71F-DF1F666A88BE}.Release|Any CPU.Build.0 = Release|Any CPU
		{C8FE6250-78C4-4956-8C2D-000C99EFAA6E}.Debug|Any CPU.ActiveCfg = Debug|Any CPU
		{C8FE6250-78C4-4956-8C2D-000C99EFAA6E}.Debug|Any CPU.Build.0 = Debug|Any CPU
		{C8FE6250-78C4-4956-8C2D-000C99EFAA6E}.Release|Any CPU.ActiveCfg = Release|Any CPU
		{C8FE6250-78C4-4956-8C2D-000C99EFAA6E}.Release|Any CPU.Build.0 = Release|Any CPU
	EndGlobalSection
	GlobalSection(SolutionProperties) = preSolution
		HideSolutionNode = FALSE
	EndGlobalSection
	GlobalSection(ExtensibilityGlobals) = postSolution
		SolutionGuid = {AF0AD66E-F038-4BAE-B450-B8FD09115C9E}
	EndGlobalSection
EndGlobal
